// !$*UTF8*$!
{
	archiveVersion = 1;
	classes = {
	};
	objectVersion = 50;
	objects = {

/* Begin PBXBuildFile section */
		0E2B9AC720A083EF001780E4 /* AppDelegate.swift in Sources */ = {isa = PBXBuildFile; fileRef = 0E2B9AC620A083EF001780E4 /* AppDelegate.swift */; };
		0E2B9AC920A083EF001780E4 /* ViewController.swift in Sources */ = {isa = PBXBuildFile; fileRef = 0E2B9AC820A083EF001780E4 /* ViewController.swift */; };
		0E2B9ACC20A083EF001780E4 /* Main.storyboard in Resources */ = {isa = PBXBuildFile; fileRef = 0E2B9ACA20A083EF001780E4 /* Main.storyboard */; };
		0E2B9ACE20A083F0001780E4 /* Assets.xcassets in Resources */ = {isa = PBXBuildFile; fileRef = 0E2B9ACD20A083F0001780E4 /* Assets.xcassets */; };
		0E2B9AD120A083F0001780E4 /* LaunchScreen.storyboard in Resources */ = {isa = PBXBuildFile; fileRef = 0E2B9ACF20A083F0001780E4 /* LaunchScreen.storyboard */; };
		0E2B9ADC20A089E2001780E4 /* Localizable.strings in Resources */ = {isa = PBXBuildFile; fileRef = 0E2B9ADB20A089E2001780E4 /* Localizable.strings */; };
		0E2B9AE620A08B71001780E4 /* Constants.swift in Sources */ = {isa = PBXBuildFile; fileRef = 0E2B9AE520A08B71001780E4 /* Constants.swift */; };
		0E2B9B0520A09758001780E4 /* Chef.swift in Sources */ = {isa = PBXBuildFile; fileRef = 0E2B9AFB20A09758001780E4 /* Chef.swift */; };
		0E2B9B0620A09758001780E4 /* EventsData.swift in Sources */ = {isa = PBXBuildFile; fileRef = 0E2B9AFC20A09758001780E4 /* EventsData.swift */; };
		0E2B9B0720A09758001780E4 /* Price.swift in Sources */ = {isa = PBXBuildFile; fileRef = 0E2B9AFD20A09758001780E4 /* Price.swift */; };
		0E2B9B0820A09758001780E4 /* Schedule.swift in Sources */ = {isa = PBXBuildFile; fileRef = 0E2B9AFE20A09758001780E4 /* Schedule.swift */; };
		0E2B9B0920A09758001780E4 /* City.swift in Sources */ = {isa = PBXBuildFile; fileRef = 0E2B9AFF20A09758001780E4 /* City.swift */; };
		0E2B9B0A20A09758001780E4 /* Location.swift in Sources */ = {isa = PBXBuildFile; fileRef = 0E2B9B0020A09758001780E4 /* Location.swift */; };
		0E2B9B0B20A09758001780E4 /* Currency.swift in Sources */ = {isa = PBXBuildFile; fileRef = 0E2B9B0120A09758001780E4 /* Currency.swift */; };
		0E2B9B0C20A09758001780E4 /* EventsPagination.swift in Sources */ = {isa = PBXBuildFile; fileRef = 0E2B9B0220A09758001780E4 /* EventsPagination.swift */; };
		0E2B9B0D20A09758001780E4 /* Image.swift in Sources */ = {isa = PBXBuildFile; fileRef = 0E2B9B0320A09758001780E4 /* Image.swift */; };
		0E2B9B0E20A09758001780E4 /* EventItem.swift in Sources */ = {isa = PBXBuildFile; fileRef = 0E2B9B0420A09758001780E4 /* EventItem.swift */; };
		0E2B9B1320A09F3F001780E4 /* Storyboards.swift in Sources */ = {isa = PBXBuildFile; fileRef = 0E2B9B1020A09F3F001780E4 /* Storyboards.swift */; };
		0E2B9B1420A09F3F001780E4 /* Strings.swift in Sources */ = {isa = PBXBuildFile; fileRef = 0E2B9B1120A09F3F001780E4 /* Strings.swift */; };
		0E2B9B1520A09F79001780E4 /* Images.swift in Sources */ = {isa = PBXBuildFile; fileRef = 0E2B9B0F20A09F3F001780E4 /* Images.swift */; };
		0E2B9B1820A0A1EE001780E4 /* ServerAPI.swift in Sources */ = {isa = PBXBuildFile; fileRef = 0E2B9B1720A0A1EE001780E4 /* ServerAPI.swift */; };
		0E2B9B1A20A0A1FB001780E4 /* Network.swift in Sources */ = {isa = PBXBuildFile; fileRef = 0E2B9B1920A0A1FB001780E4 /* Network.swift */; };
		FE6DAC350257928F24518B61 /* Pods_challenge_ios.framework in Frameworks */ = {isa = PBXBuildFile; fileRef = 42EB846D4093B2D9F3BC5B65 /* Pods_challenge_ios.framework */; };
/* End PBXBuildFile section */

/* Begin PBXFileReference section */
		0E2B9AC320A083EF001780E4 /* challenge-ios.app */ = {isa = PBXFileReference; explicitFileType = wrapper.application; includeInIndex = 0; path = "challenge-ios.app"; sourceTree = BUILT_PRODUCTS_DIR; };
		0E2B9AC620A083EF001780E4 /* AppDelegate.swift */ = {isa = PBXFileReference; lastKnownFileType = sourcecode.swift; path = AppDelegate.swift; sourceTree = "<group>"; };
		0E2B9AC820A083EF001780E4 /* ViewController.swift */ = {isa = PBXFileReference; lastKnownFileType = sourcecode.swift; path = ViewController.swift; sourceTree = "<group>"; };
		0E2B9ACB20A083EF001780E4 /* Base */ = {isa = PBXFileReference; lastKnownFileType = file.storyboard; name = Base; path = Base.lproj/Main.storyboard; sourceTree = "<group>"; };
		0E2B9ACD20A083F0001780E4 /* Assets.xcassets */ = {isa = PBXFileReference; lastKnownFileType = folder.assetcatalog; path = Assets.xcassets; sourceTree = "<group>"; };
		0E2B9AD020A083F0001780E4 /* Base */ = {isa = PBXFileReference; lastKnownFileType = file.storyboard; name = Base; path = Base.lproj/LaunchScreen.storyboard; sourceTree = "<group>"; };
		0E2B9AD220A083F0001780E4 /* Info.plist */ = {isa = PBXFileReference; lastKnownFileType = text.plist.xml; path = Info.plist; sourceTree = "<group>"; };
		0E2B9ADB20A089E2001780E4 /* Localizable.strings */ = {isa = PBXFileReference; lastKnownFileType = text.plist.strings; path = Localizable.strings; sourceTree = "<group>"; };
		0E2B9AE520A08B71001780E4 /* Constants.swift */ = {isa = PBXFileReference; lastKnownFileType = sourcecode.swift; path = Constants.swift; sourceTree = "<group>"; };
		0E2B9AFB20A09758001780E4 /* Chef.swift */ = {isa = PBXFileReference; fileEncoding = 4; lastKnownFileType = sourcecode.swift; path = Chef.swift; sourceTree = "<group>"; };
		0E2B9AFC20A09758001780E4 /* EventsData.swift */ = {isa = PBXFileReference; fileEncoding = 4; lastKnownFileType = sourcecode.swift; path = EventsData.swift; sourceTree = "<group>"; };
		0E2B9AFD20A09758001780E4 /* Price.swift */ = {isa = PBXFileReference; fileEncoding = 4; lastKnownFileType = sourcecode.swift; path = Price.swift; sourceTree = "<group>"; };
		0E2B9AFE20A09758001780E4 /* Schedule.swift */ = {isa = PBXFileReference; fileEncoding = 4; lastKnownFileType = sourcecode.swift; path = Schedule.swift; sourceTree = "<group>"; };
		0E2B9AFF20A09758001780E4 /* City.swift */ = {isa = PBXFileReference; fileEncoding = 4; lastKnownFileType = sourcecode.swift; path = City.swift; sourceTree = "<group>"; };
		0E2B9B0020A09758001780E4 /* Location.swift */ = {isa = PBXFileReference; fileEncoding = 4; lastKnownFileType = sourcecode.swift; path = Location.swift; sourceTree = "<group>"; };
		0E2B9B0120A09758001780E4 /* Currency.swift */ = {isa = PBXFileReference; fileEncoding = 4; lastKnownFileType = sourcecode.swift; path = Currency.swift; sourceTree = "<group>"; };
		0E2B9B0220A09758001780E4 /* EventsPagination.swift */ = {isa = PBXFileReference; fileEncoding = 4; lastKnownFileType = sourcecode.swift; path = EventsPagination.swift; sourceTree = "<group>"; };
		0E2B9B0320A09758001780E4 /* Image.swift */ = {isa = PBXFileReference; fileEncoding = 4; lastKnownFileType = sourcecode.swift; path = Image.swift; sourceTree = "<group>"; };
		0E2B9B0420A09758001780E4 /* EventItem.swift */ = {isa = PBXFileReference; fileEncoding = 4; lastKnownFileType = sourcecode.swift; path = EventItem.swift; sourceTree = "<group>"; };
		0E2B9B0F20A09F3F001780E4 /* Images.swift */ = {isa = PBXFileReference; fileEncoding = 4; lastKnownFileType = sourcecode.swift; path = Images.swift; sourceTree = "<group>"; };
		0E2B9B1020A09F3F001780E4 /* Storyboards.swift */ = {isa = PBXFileReference; fileEncoding = 4; lastKnownFileType = sourcecode.swift; path = Storyboards.swift; sourceTree = "<group>"; };
		0E2B9B1120A09F3F001780E4 /* Strings.swift */ = {isa = PBXFileReference; fileEncoding = 4; lastKnownFileType = sourcecode.swift; path = Strings.swift; sourceTree = "<group>"; };
		0E2B9B1720A0A1EE001780E4 /* ServerAPI.swift */ = {isa = PBXFileReference; lastKnownFileType = sourcecode.swift; path = ServerAPI.swift; sourceTree = "<group>"; };
		0E2B9B1920A0A1FB001780E4 /* Network.swift */ = {isa = PBXFileReference; lastKnownFileType = sourcecode.swift; path = Network.swift; sourceTree = "<group>"; };
		3E8F73CF1E8C86A8B1BDBB0A /* Pods-challenge-ios.release.xcconfig */ = {isa = PBXFileReference; includeInIndex = 1; lastKnownFileType = text.xcconfig; name = "Pods-challenge-ios.release.xcconfig"; path = "Pods/Target Support Files/Pods-challenge-ios/Pods-challenge-ios.release.xcconfig"; sourceTree = "<group>"; };
		42EB846D4093B2D9F3BC5B65 /* Pods_challenge_ios.framework */ = {isa = PBXFileReference; explicitFileType = wrapper.framework; includeInIndex = 0; path = Pods_challenge_ios.framework; sourceTree = BUILT_PRODUCTS_DIR; };
		B5BC16E7F387E2CDB030BD11 /* Pods-challenge-ios.debug.xcconfig */ = {isa = PBXFileReference; includeInIndex = 1; lastKnownFileType = text.xcconfig; name = "Pods-challenge-ios.debug.xcconfig"; path = "Pods/Target Support Files/Pods-challenge-ios/Pods-challenge-ios.debug.xcconfig"; sourceTree = "<group>"; };
/* End PBXFileReference section */

/* Begin PBXFrameworksBuildPhase section */
		0E2B9AC020A083EF001780E4 /* Frameworks */ = {
			isa = PBXFrameworksBuildPhase;
			buildActionMask = 2147483647;
			files = (
				FE6DAC350257928F24518B61 /* Pods_challenge_ios.framework in Frameworks */,
			);
			runOnlyForDeploymentPostprocessing = 0;
		};
/* End PBXFrameworksBuildPhase section */

/* Begin PBXGroup section */
		0E2B9ABA20A083EF001780E4 = {
			isa = PBXGroup;
			children = (
				0E2B9AC520A083EF001780E4 /* challenge-ios */,
				0E2B9AC420A083EF001780E4 /* Products */,
				38065B13412DAB7574B69056 /* Pods */,
				F4D08EACA25BBAE8E50C293F /* Frameworks */,
			);
			sourceTree = "<group>";
		};
		0E2B9AC420A083EF001780E4 /* Products */ = {
			isa = PBXGroup;
			children = (
				0E2B9AC320A083EF001780E4 /* challenge-ios.app */,
			);
			name = Products;
			sourceTree = "<group>";
		};
		0E2B9AC520A083EF001780E4 /* challenge-ios */ = {
			isa = PBXGroup;
			children = (
				0E2B9AC620A083EF001780E4 /* AppDelegate.swift */,
				0E2B9ADF20A08AC3001780E4 /* Extensions */,
				0E2B9ADE20A08AAA001780E4 /* Models */,
				0E2B9AE020A08ACC001780E4 /* Helpers */,
				0E2B9AE120A08ADA001780E4 /* Networking */,
				0E2B9AD920A088F1001780E4 /* Resources */,
				0E2B9AE220A08AFA001780E4 /* Views */,
				0E2B9AE320A08B13001780E4 /* ViewControllers */,
				0E2B9AE420A08B24001780E4 /* ViewModels */,
				0E2B9ACF20A083F0001780E4 /* LaunchScreen.storyboard */,
			);
			path = "challenge-ios";
			sourceTree = "<group>";
		};
		0E2B9AD920A088F1001780E4 /* Resources */ = {
			isa = PBXGroup;
			children = (
				0E2B9AD220A083F0001780E4 /* Info.plist */,
				0E2B9ADB20A089E2001780E4 /* Localizable.strings */,
				0E2B9ACD20A083F0001780E4 /* Assets.xcassets */,
				0E2B9AE520A08B71001780E4 /* Constants.swift */,
				0E2B9ADD20A08A35001780E4 /* GeneratedFiles */,
			);
			path = Resources;
			sourceTree = "<group>";
		};
		0E2B9ADD20A08A35001780E4 /* GeneratedFiles */ = {
			isa = PBXGroup;
			children = (
				0E2B9B0F20A09F3F001780E4 /* Images.swift */,
				0E2B9B1020A09F3F001780E4 /* Storyboards.swift */,
				0E2B9B1120A09F3F001780E4 /* Strings.swift */,
			);
			path = GeneratedFiles;
			sourceTree = "<group>";
		};
		0E2B9ADE20A08AAA001780E4 /* Models */ = {
			isa = PBXGroup;
			children = (
				0E2B9AFB20A09758001780E4 /* Chef.swift */,
				0E2B9AFF20A09758001780E4 /* City.swift */,
				0E2B9B0120A09758001780E4 /* Currency.swift */,
				0E2B9AFC20A09758001780E4 /* EventsData.swift */,
				0E2B9B0220A09758001780E4 /* EventsPagination.swift */,
				0E2B9B0320A09758001780E4 /* Image.swift */,
				0E2B9B0420A09758001780E4 /* EventItem.swift */,
				0E2B9B0020A09758001780E4 /* Location.swift */,
				0E2B9AFD20A09758001780E4 /* Price.swift */,
				0E2B9AFE20A09758001780E4 /* Schedule.swift */,
			);
			path = Models;
			sourceTree = "<group>";
		};
		0E2B9ADF20A08AC3001780E4 /* Extensions */ = {
			isa = PBXGroup;
			children = (
			);
			path = Extensions;
			sourceTree = "<group>";
		};
		0E2B9AE020A08ACC001780E4 /* Helpers */ = {
			isa = PBXGroup;
			children = (
			);
			path = Helpers;
			sourceTree = "<group>";
		};
		0E2B9AE120A08ADA001780E4 /* Networking */ = {
			isa = PBXGroup;
			children = (
				0E2B9B1720A0A1EE001780E4 /* ServerAPI.swift */,
				0E2B9B1920A0A1FB001780E4 /* Network.swift */,
			);
			path = Networking;
			sourceTree = "<group>";
		};
		0E2B9AE220A08AFA001780E4 /* Views */ = {
			isa = PBXGroup;
			children = (
			);
			path = Views;
			sourceTree = "<group>";
		};
		0E2B9AE320A08B13001780E4 /* ViewControllers */ = {
			isa = PBXGroup;
			children = (
				0E2B9AC820A083EF001780E4 /* ViewController.swift */,
				0E2B9ACA20A083EF001780E4 /* Main.storyboard */,
			);
			path = ViewControllers;
			sourceTree = "<group>";
		};
		0E2B9AE420A08B24001780E4 /* ViewModels */ = {
			isa = PBXGroup;
			children = (
			);
			path = ViewModels;
			sourceTree = "<group>";
		};
		38065B13412DAB7574B69056 /* Pods */ = {
			isa = PBXGroup;
			children = (
				B5BC16E7F387E2CDB030BD11 /* Pods-challenge-ios.debug.xcconfig */,
				3E8F73CF1E8C86A8B1BDBB0A /* Pods-challenge-ios.release.xcconfig */,
			);
			name = Pods;
			sourceTree = "<group>";
		};
		F4D08EACA25BBAE8E50C293F /* Frameworks */ = {
			isa = PBXGroup;
			children = (
				42EB846D4093B2D9F3BC5B65 /* Pods_challenge_ios.framework */,
			);
			name = Frameworks;
			sourceTree = "<group>";
		};
/* End PBXGroup section */

/* Begin PBXNativeTarget section */
		0E2B9AC220A083EF001780E4 /* challenge-ios */ = {
			isa = PBXNativeTarget;
			buildConfigurationList = 0E2B9AD520A083F0001780E4 /* Build configuration list for PBXNativeTarget "challenge-ios" */;
			buildPhases = (
				D553136DA2E515223F6294C9 /* [CP] Check Pods Manifest.lock */,
				0E2B9ABF20A083EF001780E4 /* Sources */,
				0E2B9AC020A083EF001780E4 /* Frameworks */,
				0E2B9AC120A083EF001780E4 /* Resources */,
				1D7EC49A84211D74B1E55CEC /* [CP] Embed Pods Frameworks */,
				0E4C8AC3712020A7ACAF99AE /* [CP] Copy Pods Resources */,
				0E2B9AD820A088DF001780E4 /* SwiftGen */,
				0E2B9B1620A0A00F001780E4 /* IncrementBuild */,
			);
			buildRules = (
			);
			dependencies = (
			);
			name = "challenge-ios";
			productName = "challenge-ios";
			productReference = 0E2B9AC320A083EF001780E4 /* challenge-ios.app */;
			productType = "com.apple.product-type.application";
		};
/* End PBXNativeTarget section */

/* Begin PBXProject section */
		0E2B9ABB20A083EF001780E4 /* Project object */ = {
			isa = PBXProject;
			attributes = {
				LastSwiftUpdateCheck = 0930;
				LastUpgradeCheck = 0930;
				ORGANIZATIONNAME = "Vladislav Ternovskiy";
				TargetAttributes = {
					0E2B9AC220A083EF001780E4 = {
						CreatedOnToolsVersion = 9.3;
					};
				};
			};
			buildConfigurationList = 0E2B9ABE20A083EF001780E4 /* Build configuration list for PBXProject "challenge-ios" */;
			compatibilityVersion = "Xcode 9.3";
			developmentRegion = en;
			hasScannedForEncodings = 0;
			knownRegions = (
				en,
				Base,
			);
			mainGroup = 0E2B9ABA20A083EF001780E4;
			productRefGroup = 0E2B9AC420A083EF001780E4 /* Products */;
			projectDirPath = "";
			projectRoot = "";
			targets = (
				0E2B9AC220A083EF001780E4 /* challenge-ios */,
			);
		};
/* End PBXProject section */

/* Begin PBXResourcesBuildPhase section */
		0E2B9AC120A083EF001780E4 /* Resources */ = {
			isa = PBXResourcesBuildPhase;
			buildActionMask = 2147483647;
			files = (
				0E2B9AD120A083F0001780E4 /* LaunchScreen.storyboard in Resources */,
				0E2B9ADC20A089E2001780E4 /* Localizable.strings in Resources */,
				0E2B9ACE20A083F0001780E4 /* Assets.xcassets in Resources */,
				0E2B9ACC20A083EF001780E4 /* Main.storyboard in Resources */,
			);
			runOnlyForDeploymentPostprocessing = 0;
		};
/* End PBXResourcesBuildPhase section */

/* Begin PBXShellScriptBuildPhase section */
		0E2B9AD820A088DF001780E4 /* SwiftGen */ = {
			isa = PBXShellScriptBuildPhase;
			buildActionMask = 2147483647;
			files = (
			);
			inputPaths = (
			);
			name = SwiftGen;
			outputPaths = (
			);
			runOnlyForDeploymentPostprocessing = 0;
			shellPath = /bin/sh;
			shellScript = "# swiftgen bin from pods\nSWIFTGEN=\"${PODS_ROOT}/SwiftGen/bin/swiftgen\"\n\n# Make sure it is there\nif which \"$SWIFTGEN\" >/dev/null; then\n\n# Folder for output\nSWIFTGEN_FOLDER=\"${PROJECT}/Resources/GeneratedFiles\"\n\n# Project folder\nPROJECT_FOLDER=\"${PROJECT}\"\n\n# Make sure output folder exists\nmkdir -p \"$SWIFTGEN_FOLDER\"\n\n# Get all storyboards into Storyboards.swift\n\"$SWIFTGEN\" storyboards -t swift4 \"$PROJECT_FOLDER\" --output \"$SWIFTGEN_FOLDER/Storyboards.swift\"\n\n# Get all images into Images.swift\n\"$SWIFTGEN\" xcassets -t swift4 \"$PROJECT_FOLDER/Resources/Assets.xcassets\" --output \"$SWIFTGEN_FOLDER/Images.swift\"\n\n# Get colors from Colors.txt into Colors.swift\n#\"$SWIFTGEN\" colors -t swift4 \"$PROJECT_FOLDER/Resources/Colors.txt\" --output \"$SWIFTGEN_FOLDER/Colors.swift\"\n\n# Get all fonts into Fonts.swift\n\"$SWIFTGEN\" fonts -t swift4 \"$PROJECT_FOLDER/Resources/Fonts\" --output \"$SWIFTGEN_FOLDER/Fonts.swift\"\n\n# Get all russian strings (as a base for all others) into Strings.swift\n\"$SWIFTGEN\" strings -t structured-swift4 \"$PROJECT_FOLDER/Resources/Localizable.strings\" --output \"$SWIFTGEN_FOLDER/Strings.swift\"\nelse\necho \"SwiftGen does not exist, download from https://github.com/AliSoftware/SwiftGen\"\nfi";
		};
		0E2B9B1620A0A00F001780E4 /* IncrementBuild */ = {
			isa = PBXShellScriptBuildPhase;
			buildActionMask = 12;
			files = (
			);
			inputPaths = (
			);
			name = IncrementBuild;
			outputPaths = (
			);
			runOnlyForDeploymentPostprocessing = 0;
			shellPath = /bin/sh;
			shellScript = "#   Increment build number\nbuildNumber=$(/usr/libexec/PlistBuddy -c \"Print CFBundleVersion\" \"${PROJECT_DIR}/${INFOPLIST_FILE}\")\nbuildNumber=$(($buildNumber + 1))\n/usr/libexec/PlistBuddy -c \"Set :CFBundleVersion $buildNumber\" \"${PROJECT_DIR}/${INFOPLIST_FILE}\"";
		};
		0E4C8AC3712020A7ACAF99AE /* [CP] Copy Pods Resources */ = {
			isa = PBXShellScriptBuildPhase;
			buildActionMask = 2147483647;
			files = (
			);
			inputPaths = (
			);
			name = "[CP] Copy Pods Resources";
			outputPaths = (
			);
			runOnlyForDeploymentPostprocessing = 0;
			shellPath = /bin/sh;
			shellScript = "\"${SRCROOT}/Pods/Target Support Files/Pods-challenge-ios/Pods-challenge-ios-resources.sh\"\n";
			showEnvVarsInLog = 0;
		};
		1D7EC49A84211D74B1E55CEC /* [CP] Embed Pods Frameworks */ = {
			isa = PBXShellScriptBuildPhase;
			buildActionMask = 2147483647;
			files = (
			);
			inputPaths = (
				"${SRCROOT}/Pods/Target Support Files/Pods-challenge-ios/Pods-challenge-ios-frameworks.sh",
				"${BUILT_PRODUCTS_DIR}/Alamofire/Alamofire.framework",
				"${BUILT_PRODUCTS_DIR}/Hero/Hero.framework",
				"${BUILT_PRODUCTS_DIR}/Kingfisher/Kingfisher.framework",
				"${BUILT_PRODUCTS_DIR}/Moya/Moya.framework",
				"${BUILT_PRODUCTS_DIR}/Moya-ObjectMapper/Moya_ObjectMapper.framework",
				"${BUILT_PRODUCTS_DIR}/NSObject+Rx/NSObject_Rx.framework",
				"${BUILT_PRODUCTS_DIR}/ObjectMapper/ObjectMapper.framework",
				"${BUILT_PRODUCTS_DIR}/Result/Result.framework",
				"${BUILT_PRODUCTS_DIR}/RxCocoa/RxCocoa.framework",
				"${BUILT_PRODUCTS_DIR}/RxOptional/RxOptional.framework",
				"${BUILT_PRODUCTS_DIR}/RxSwift/RxSwift.framework",
				"${BUILT_PRODUCTS_DIR}/SwifterSwift/SwifterSwift.framework",
			);
			name = "[CP] Embed Pods Frameworks";
			outputPaths = (
				"${TARGET_BUILD_DIR}/${FRAMEWORKS_FOLDER_PATH}/Alamofire.framework",
				"${TARGET_BUILD_DIR}/${FRAMEWORKS_FOLDER_PATH}/Hero.framework",
				"${TARGET_BUILD_DIR}/${FRAMEWORKS_FOLDER_PATH}/Kingfisher.framework",
				"${TARGET_BUILD_DIR}/${FRAMEWORKS_FOLDER_PATH}/Moya.framework",
				"${TARGET_BUILD_DIR}/${FRAMEWORKS_FOLDER_PATH}/Moya_ObjectMapper.framework",
				"${TARGET_BUILD_DIR}/${FRAMEWORKS_FOLDER_PATH}/NSObject_Rx.framework",
				"${TARGET_BUILD_DIR}/${FRAMEWORKS_FOLDER_PATH}/ObjectMapper.framework",
				"${TARGET_BUILD_DIR}/${FRAMEWORKS_FOLDER_PATH}/Result.framework",
				"${TARGET_BUILD_DIR}/${FRAMEWORKS_FOLDER_PATH}/RxCocoa.framework",
				"${TARGET_BUILD_DIR}/${FRAMEWORKS_FOLDER_PATH}/RxOptional.framework",
				"${TARGET_BUILD_DIR}/${FRAMEWORKS_FOLDER_PATH}/RxSwift.framework",
				"${TARGET_BUILD_DIR}/${FRAMEWORKS_FOLDER_PATH}/SwifterSwift.framework",
			);
			runOnlyForDeploymentPostprocessing = 0;
			shellPath = /bin/sh;
			shellScript = "\"${SRCROOT}/Pods/Target Support Files/Pods-challenge-ios/Pods-challenge-ios-frameworks.sh\"\n";
			showEnvVarsInLog = 0;
		};
		D553136DA2E515223F6294C9 /* [CP] Check Pods Manifest.lock */ = {
			isa = PBXShellScriptBuildPhase;
			buildActionMask = 2147483647;
			files = (
			);
			inputPaths = (
				"${PODS_PODFILE_DIR_PATH}/Podfile.lock",
				"${PODS_ROOT}/Manifest.lock",
			);
			name = "[CP] Check Pods Manifest.lock";
			outputPaths = (
				"$(DERIVED_FILE_DIR)/Pods-challenge-ios-checkManifestLockResult.txt",
			);
			runOnlyForDeploymentPostprocessing = 0;
			shellPath = /bin/sh;
			shellScript = "diff \"${PODS_PODFILE_DIR_PATH}/Podfile.lock\" \"${PODS_ROOT}/Manifest.lock\" > /dev/null\nif [ $? != 0 ] ; then\n    # print error to STDERR\n    echo \"error: The sandbox is not in sync with the Podfile.lock. Run 'pod install' or update your CocoaPods installation.\" >&2\n    exit 1\nfi\n# This output is used by Xcode 'outputs' to avoid re-running this script phase.\necho \"SUCCESS\" > \"${SCRIPT_OUTPUT_FILE_0}\"\n";
			showEnvVarsInLog = 0;
		};
/* End PBXShellScriptBuildPhase section */

/* Begin PBXSourcesBuildPhase section */
		0E2B9ABF20A083EF001780E4 /* Sources */ = {
			isa = PBXSourcesBuildPhase;
			buildActionMask = 2147483647;
			files = (
				0E2B9AC920A083EF001780E4 /* ViewController.swift in Sources */,
				0E2B9B0D20A09758001780E4 /* Image.swift in Sources */,
				0E2B9B1420A09F3F001780E4 /* Strings.swift in Sources */,
				0E2B9B0620A09758001780E4 /* EventsData.swift in Sources */,
				0E2B9AC720A083EF001780E4 /* AppDelegate.swift in Sources */,
				0E2B9AE620A08B71001780E4 /* Constants.swift in Sources */,
				0E2B9B0C20A09758001780E4 /* EventsPagination.swift in Sources */,
				0E2B9B1320A09F3F001780E4 /* Storyboards.swift in Sources */,
				0E2B9B0A20A09758001780E4 /* Location.swift in Sources */,
				0E2B9B0E20A09758001780E4 /* EventItem.swift in Sources */,
				0E2B9B0520A09758001780E4 /* Chef.swift in Sources */,
				0E2B9B0B20A09758001780E4 /* Currency.swift in Sources */,
				0E2B9B1820A0A1EE001780E4 /* ServerAPI.swift in Sources */,
				0E2B9B0820A09758001780E4 /* Schedule.swift in Sources */,
				0E2B9B1A20A0A1FB001780E4 /* Network.swift in Sources */,
				0E2B9B1520A09F79001780E4 /* Images.swift in Sources */,
				0E2B9B0920A09758001780E4 /* City.swift in Sources */,
				0E2B9B0720A09758001780E4 /* Price.swift in Sources */,
			);
			runOnlyForDeploymentPostprocessing = 0;
		};
/* End PBXSourcesBuildPhase section */

/* Begin PBXVariantGroup section */
		0E2B9ACA20A083EF001780E4 /* Main.storyboard */ = {
			isa = PBXVariantGroup;
			children = (
				0E2B9ACB20A083EF001780E4 /* Base */,
			);
			name = Main.storyboard;
			sourceTree = "<group>";
		};
		0E2B9ACF20A083F0001780E4 /* LaunchScreen.storyboard */ = {
			isa = PBXVariantGroup;
			children = (
				0E2B9AD020A083F0001780E4 /* Base */,
			);
			name = LaunchScreen.storyboard;
			sourceTree = "<group>";
		};
/* End PBXVariantGroup section */

/* Begin XCBuildConfiguration section */
		0E2B9AD320A083F0001780E4 /* Debug */ = {
			isa = XCBuildConfiguration;
			buildSettings = {
				ALWAYS_SEARCH_USER_PATHS = NO;
				CLANG_ANALYZER_NONNULL = YES;
				CLANG_ANALYZER_NUMBER_OBJECT_CONVERSION = YES_AGGRESSIVE;
				CLANG_CXX_LANGUAGE_STANDARD = "gnu++14";
				CLANG_CXX_LIBRARY = "libc++";
				CLANG_ENABLE_MODULES = YES;
				CLANG_ENABLE_OBJC_ARC = YES;
				CLANG_ENABLE_OBJC_WEAK = YES;
				CLANG_WARN_BLOCK_CAPTURE_AUTORELEASING = YES;
				CLANG_WARN_BOOL_CONVERSION = YES;
				CLANG_WARN_COMMA = YES;
				CLANG_WARN_CONSTANT_CONVERSION = YES;
				CLANG_WARN_DEPRECATED_OBJC_IMPLEMENTATIONS = YES;
				CLANG_WARN_DIRECT_OBJC_ISA_USAGE = YES_ERROR;
				CLANG_WARN_DOCUMENTATION_COMMENTS = YES;
				CLANG_WARN_EMPTY_BODY = YES;
				CLANG_WARN_ENUM_CONVERSION = YES;
				CLANG_WARN_INFINITE_RECURSION = YES;
				CLANG_WARN_INT_CONVERSION = YES;
				CLANG_WARN_NON_LITERAL_NULL_CONVERSION = YES;
				CLANG_WARN_OBJC_IMPLICIT_RETAIN_SELF = YES;
				CLANG_WARN_OBJC_LITERAL_CONVERSION = YES;
				CLANG_WARN_OBJC_ROOT_CLASS = YES_ERROR;
				CLANG_WARN_RANGE_LOOP_ANALYSIS = YES;
				CLANG_WARN_STRICT_PROTOTYPES = YES;
				CLANG_WARN_SUSPICIOUS_MOVE = YES;
				CLANG_WARN_UNGUARDED_AVAILABILITY = YES_AGGRESSIVE;
				CLANG_WARN_UNREACHABLE_CODE = YES;
				CLANG_WARN__DUPLICATE_METHOD_MATCH = YES;
				CODE_SIGN_IDENTITY = "iPhone Developer";
				COPY_PHASE_STRIP = NO;
				DEBUG_INFORMATION_FORMAT = dwarf;
				ENABLE_STRICT_OBJC_MSGSEND = YES;
				ENABLE_TESTABILITY = YES;
				GCC_C_LANGUAGE_STANDARD = gnu11;
				GCC_DYNAMIC_NO_PIC = NO;
				GCC_NO_COMMON_BLOCKS = YES;
				GCC_OPTIMIZATION_LEVEL = 0;
				GCC_PREPROCESSOR_DEFINITIONS = (
					"DEBUG=1",
					"$(inherited)",
				);
				GCC_WARN_64_TO_32_BIT_CONVERSION = YES;
				GCC_WARN_ABOUT_RETURN_TYPE = YES_ERROR;
				GCC_WARN_UNDECLARED_SELECTOR = YES;
				GCC_WARN_UNINITIALIZED_AUTOS = YES_AGGRESSIVE;
				GCC_WARN_UNUSED_FUNCTION = YES;
				GCC_WARN_UNUSED_VARIABLE = YES;
				IPHONEOS_DEPLOYMENT_TARGET = 11.3;
				MTL_ENABLE_DEBUG_INFO = YES;
				ONLY_ACTIVE_ARCH = YES;
				SDKROOT = iphoneos;
				SWIFT_ACTIVE_COMPILATION_CONDITIONS = DEBUG;
				SWIFT_OPTIMIZATION_LEVEL = "-Onone";
			};
			name = Debug;
		};
		0E2B9AD420A083F0001780E4 /* Release */ = {
			isa = XCBuildConfiguration;
			buildSettings = {
				ALWAYS_SEARCH_USER_PATHS = NO;
				CLANG_ANALYZER_NONNULL = YES;
				CLANG_ANALYZER_NUMBER_OBJECT_CONVERSION = YES_AGGRESSIVE;
				CLANG_CXX_LANGUAGE_STANDARD = "gnu++14";
				CLANG_CXX_LIBRARY = "libc++";
				CLANG_ENABLE_MODULES = YES;
				CLANG_ENABLE_OBJC_ARC = YES;
				CLANG_ENABLE_OBJC_WEAK = YES;
				CLANG_WARN_BLOCK_CAPTURE_AUTORELEASING = YES;
				CLANG_WARN_BOOL_CONVERSION = YES;
				CLANG_WARN_COMMA = YES;
				CLANG_WARN_CONSTANT_CONVERSION = YES;
				CLANG_WARN_DEPRECATED_OBJC_IMPLEMENTATIONS = YES;
				CLANG_WARN_DIRECT_OBJC_ISA_USAGE = YES_ERROR;
				CLANG_WARN_DOCUMENTATION_COMMENTS = YES;
				CLANG_WARN_EMPTY_BODY = YES;
				CLANG_WARN_ENUM_CONVERSION = YES;
				CLANG_WARN_INFINITE_RECURSION = YES;
				CLANG_WARN_INT_CONVERSION = YES;
				CLANG_WARN_NON_LITERAL_NULL_CONVERSION = YES;
				CLANG_WARN_OBJC_IMPLICIT_RETAIN_SELF = YES;
				CLANG_WARN_OBJC_LITERAL_CONVERSION = YES;
				CLANG_WARN_OBJC_ROOT_CLASS = YES_ERROR;
				CLANG_WARN_RANGE_LOOP_ANALYSIS = YES;
				CLANG_WARN_STRICT_PROTOTYPES = YES;
				CLANG_WARN_SUSPICIOUS_MOVE = YES;
				CLANG_WARN_UNGUARDED_AVAILABILITY = YES_AGGRESSIVE;
				CLANG_WARN_UNREACHABLE_CODE = YES;
				CLANG_WARN__DUPLICATE_METHOD_MATCH = YES;
				CODE_SIGN_IDENTITY = "iPhone Developer";
				COPY_PHASE_STRIP = NO;
				DEBUG_INFORMATION_FORMAT = "dwarf-with-dsym";
				ENABLE_NS_ASSERTIONS = NO;
				ENABLE_STRICT_OBJC_MSGSEND = YES;
				GCC_C_LANGUAGE_STANDARD = gnu11;
				GCC_NO_COMMON_BLOCKS = YES;
				GCC_WARN_64_TO_32_BIT_CONVERSION = YES;
				GCC_WARN_ABOUT_RETURN_TYPE = YES_ERROR;
				GCC_WARN_UNDECLARED_SELECTOR = YES;
				GCC_WARN_UNINITIALIZED_AUTOS = YES_AGGRESSIVE;
				GCC_WARN_UNUSED_FUNCTION = YES;
				GCC_WARN_UNUSED_VARIABLE = YES;
				IPHONEOS_DEPLOYMENT_TARGET = 11.3;
				MTL_ENABLE_DEBUG_INFO = NO;
				SDKROOT = iphoneos;
				SWIFT_COMPILATION_MODE = wholemodule;
				SWIFT_OPTIMIZATION_LEVEL = "-O";
				VALIDATE_PRODUCT = YES;
			};
			name = Release;
		};
		0E2B9AD620A083F0001780E4 /* Debug */ = {
			isa = XCBuildConfiguration;
			baseConfigurationReference = B5BC16E7F387E2CDB030BD11 /* Pods-challenge-ios.debug.xcconfig */;
			buildSettings = {
				ASSETCATALOG_COMPILER_APPICON_NAME = AppIcon;
				CODE_SIGN_STYLE = Automatic;
				DEVELOPMENT_TEAM = 6826KUQN29;
				INFOPLIST_FILE = "challenge-ios/Resources/Info.plist";
				IPHONEOS_DEPLOYMENT_TARGET = 10.0;
				LD_RUNPATH_SEARCH_PATHS = (
					"$(inherited)",
					"@executable_path/Frameworks",
				);
				PRODUCT_BUNDLE_IDENTIFIER = "com.yanpix.challenge-ios";
				PRODUCT_NAME = "$(TARGET_NAME)";
				SWIFT_VERSION = 4.0;
				TARGETED_DEVICE_FAMILY = "1,2";
			};
			name = Debug;
		};
		0E2B9AD720A083F0001780E4 /* Release */ = {
			isa = XCBuildConfiguration;
			baseConfigurationReference = 3E8F73CF1E8C86A8B1BDBB0A /* Pods-challenge-ios.release.xcconfig */;
			buildSettings = {
				ASSETCATALOG_COMPILER_APPICON_NAME = AppIcon;
				CODE_SIGN_STYLE = Automatic;
				DEVELOPMENT_TEAM = 6826KUQN29;
				INFOPLIST_FILE = "challenge-ios/Resources/Info.plist";
				IPHONEOS_DEPLOYMENT_TARGET = 10.0;
				LD_RUNPATH_SEARCH_PATHS = (
					"$(inherited)",
					"@executable_path/Frameworks",
				);
				PRODUCT_BUNDLE_IDENTIFIER = "com.yanpix.challenge-ios";
				PRODUCT_NAME = "$(TARGET_NAME)";
				SWIFT_VERSION = 4.0;
				TARGETED_DEVICE_FAMILY = "1,2";
			};
			name = Release;
		};
/* End XCBuildConfiguration section */

/* Begin XCConfigurationList section */
		0E2B9ABE20A083EF001780E4 /* Build configuration list for PBXProject "challenge-ios" */ = {
			isa = XCConfigurationList;
			buildConfigurations = (
				0E2B9AD320A083F0001780E4 /* Debug */,
				0E2B9AD420A083F0001780E4 /* Release */,
			);
			defaultConfigurationIsVisible = 0;
			defaultConfigurationName = Release;
		};
		0E2B9AD520A083F0001780E4 /* Build configuration list for PBXNativeTarget "challenge-ios" */ = {
			isa = XCConfigurationList;
			buildConfigurations = (
				0E2B9AD620A083F0001780E4 /* Debug */,
				0E2B9AD720A083F0001780E4 /* Release */,
			);
			defaultConfigurationIsVisible = 0;
			defaultConfigurationName = Release;
		};
/* End XCConfigurationList section */
	};
	rootObject = 0E2B9ABB20A083EF001780E4 /* Project object */;
}
